
Microsoft Visual Studio Solution File, Format Version 10.00
# Visual Studio 2008
Project("{FAE04EC0-301F-11D3-BF4B-00C04F79EFBC}") = "DecimalInternetClock", "DecimalInternetClock\DecimalInternetClock.csproj", "{239BD0B2-A007-4538-85E4-6A98134965A0}"
	ProjectSection(ProjectDependencies) = postProject
		{827F8C33-8118-48C7-AB3C-4864298396AD} = {827F8C33-8118-48C7-AB3C-4864298396AD}
	EndProjectSection
EndProject
Project("{FAE04EC0-301F-11D3-BF4B-00C04F79EFBC}") = "ColorPicker", "ColorPicker\ColorPicker.csproj", "{827F8C33-8118-48C7-AB3C-4864298396AD}"
EndProject
Project("{FAE04EC0-301F-11D3-BF4B-00C04F79EFBC}") = "fastJSON", "fastJSON\fastJSON.csproj", "{207E91B1-C9F8-4913-88E1-3549EF5F3273}"
EndProject
Project("{FAE04EC0-301F-11D3-BF4B-00C04F79EFBC}") = "FileIndexer", "FileIndexer\FileIndexer.csproj", "{2E878E72-0953-48FA-A435-CFBB32B27ECD}"
EndProject
Project("{FAE04EC0-301F-11D3-BF4B-00C04F79EFBC}") = "FontDialogSample", "FontDialogSample\FontDialogSample.csproj", "{BA5113A3-EA25-4BA3-96E1-7FB10D9201F0}"
EndProject
Project("{2150E333-8FDC-42A3-9474-1A3956D46DE8}") = "IncomingFeatures", "IncomingFeatures", "{0E9E520B-52B3-4BB9-9AFA-F27E381558DB}"
EndProject
Project("{FAE04EC0-301F-11D3-BF4B-00C04F79EFBC}") = "LinkRichTextWindow", "LinkRichTextWindow\LinkRichTextWindow.csproj", "{2A6D4560-0844-44DB-855A-2915F5E25404}"
EndProject
Project("{FAE04EC0-301F-11D3-BF4B-00C04F79EFBC}") = "DragDrop", "DragDrop\DragDrop.csproj", "{440C7BEA-0EED-4474-A221-B0FA4C2F09DD}"
EndProject
Global
	GlobalSection(SolutionConfigurationPlatforms) = preSolution
		Debug|Any CPU = Debug|Any CPU
		Debug|Mixed Platforms = Debug|Mixed Platforms
		Debug|Win32 = Debug|Win32
		Release|Any CPU = Release|Any CPU
		Release|Mixed Platforms = Release|Mixed Platforms
		Release|Win32 = Release|Win32
	EndGlobalSection
	GlobalSection(ProjectConfigurationPlatforms) = postSolution
		{239BD0B2-A007-4538-85E4-6A98134965A0}.Debug|Any CPU.ActiveCfg = Debug|Any CPU
		{239BD0B2-A007-4538-85E4-6A98134965A0}.Debug|Any CPU.Build.0 = Debug|Any CPU
		{239BD0B2-A007-4538-85E4-6A98134965A0}.Debug|Mixed Platforms.ActiveCfg = Debug|Any CPU
		{239BD0B2-A007-4538-85E4-6A98134965A0}.Debug|Mixed Platforms.Build.0 = Debug|Any CPU
		{239BD0B2-A007-4538-85E4-6A98134965A0}.Debug|Win32.ActiveCfg = Debug|Any CPU
		{239BD0B2-A007-4538-85E4-6A98134965A0}.Release|Any CPU.ActiveCfg = Release|Any CPU
		{239BD0B2-A007-4538-85E4-6A98134965A0}.Release|Any CPU.Build.0 = Release|Any CPU
		{239BD0B2-A007-4538-85E4-6A98134965A0}.Release|Mixed Platforms.ActiveCfg = Release|Any CPU
		{239BD0B2-A007-4538-85E4-6A98134965A0}.Release|Mixed Platforms.Build.0 = Release|Any CPU
		{239BD0B2-A007-4538-85E4-6A98134965A0}.Release|Win32.ActiveCfg = Release|Any CPU
		{827F8C33-8118-48C7-AB3C-4864298396AD}.Debug|Any CPU.ActiveCfg = Debug|Any CPU
		{827F8C33-8118-48C7-AB3C-4864298396AD}.Debug|Any CPU.Build.0 = Debug|Any CPU
		{827F8C33-8118-48C7-AB3C-4864298396AD}.Debug|Mixed Platforms.ActiveCfg = Debug|Any CPU
		{827F8C33-8118-48C7-AB3C-4864298396AD}.Debug|Mixed Platforms.Build.0 = Debug|Any CPU
		{827F8C33-8118-48C7-AB3C-4864298396AD}.Debug|Win32.ActiveCfg = Debug|Any CPU
		{827F8C33-8118-48C7-AB3C-4864298396AD}.Release|Any CPU.ActiveCfg = Release|Any CPU
		{827F8C33-8118-48C7-AB3C-4864298396AD}.Release|Any CPU.Build.0 = Release|Any CPU
		{827F8C33-8118-48C7-AB3C-4864298396AD}.Release|Mixed Platforms.ActiveCfg = Release|Any CPU
		{827F8C33-8118-48C7-AB3C-4864298396AD}.Release|Mixed Platforms.Build.0 = Release|Any CPU
		{827F8C33-8118-48C7-AB3C-4864298396AD}.Release|Win32.ActiveCfg = Release|Any CPU
		{207E91B1-C9F8-4913-88E1-3549EF5F3273}.Debug|Any CPU.ActiveCfg = Debug|Any CPU
		{207E91B1-C9F8-4913-88E1-3549EF5F3273}.Debug|Any CPU.Build.0 = Debug|Any CPU
		{207E91B1-C9F8-4913-88E1-3549EF5F3273}.Debug|Mixed Platforms.ActiveCfg = Debug|Any CPU
		{207E91B1-C9F8-4913-88E1-3549EF5F3273}.Debug|Mixed Platforms.Build.0 = Debug|Any CPU
		{207E91B1-C9F8-4913-88E1-3549EF5F3273}.Debug|Win32.ActiveCfg = Debug|Any CPU
		{207E91B1-C9F8-4913-88E1-3549EF5F3273}.Release|Any CPU.ActiveCfg = Release|Any CPU
		{207E91B1-C9F8-4913-88E1-3549EF5F3273}.Release|Any CPU.Build.0 = Release|Any CPU
		{207E91B1-C9F8-4913-88E1-3549EF5F3273}.Release|Mixed Platforms.ActiveCfg = Release|Any CPU
		{207E91B1-C9F8-4913-88E1-3549EF5F3273}.Release|Mixed Platforms.Build.0 = Release|Any CPU
		{207E91B1-C9F8-4913-88E1-3549EF5F3273}.Release|Win32.ActiveCfg = Release|Any CPU
		{2E878E72-0953-48FA-A435-CFBB32B27ECD}.Debug|Any CPU.ActiveCfg = Debug|Any CPU
		{2E878E72-0953-48FA-A435-CFBB32B27ECD}.Debug|Any CPU.Build.0 = Debug|Any CPU
		{2E878E72-0953-48FA-A435-CFBB32B27ECD}.Debug|Mixed Platforms.ActiveCfg = Debug|Any CPU
		{2E878E72-0953-48FA-A435-CFBB32B27ECD}.Debug|Mixed Platforms.Build.0 = Debug|Any CPU
		{2E878E72-0953-48FA-A435-CFBB32B27ECD}.Debug|Win32.ActiveCfg = Debug|Any CPU
		{2E878E72-0953-48FA-A435-CFBB32B27ECD}.Release|Any CPU.ActiveCfg = Release|Any CPU
		{2E878E72-0953-48FA-A435-CFBB32B27ECD}.Release|Any CPU.Build.0 = Release|Any CPU
		{2E878E72-0953-48FA-A435-CFBB32B27ECD}.Release|Mixed Platforms.ActiveCfg = Release|Any CPU
		{2E878E72-0953-48FA-A435-CFBB32B27ECD}.Release|Mixed Platforms.Build.0 = Release|Any CPU
		{2E878E72-0953-48FA-A435-CFBB32B27ECD}.Release|Win32.ActiveCfg = Release|Any CPU
		{BA5113A3-EA25-4BA3-96E1-7FB10D9201F0}.Debug|Any CPU.ActiveCfg = Debug|Any CPU
		{BA5113A3-EA25-4BA3-96E1-7FB10D9201F0}.Debug|Any CPU.Build.0 = Debug|Any CPU
		{BA5113A3-EA25-4BA3-96E1-7FB10D9201F0}.Debug|Mixed Platforms.ActiveCfg = Debug|Any CPU
		{BA5113A3-EA25-4BA3-96E1-7FB10D9201F0}.Debug|Mixed Platforms.Build.0 = Debug|Any CPU
		{BA5113A3-EA25-4BA3-96E1-7FB10D9201F0}.Debug|Win32.ActiveCfg = Debug|Any CPU
		{BA5113A3-EA25-4BA3-96E1-7FB10D9201F0}.Release|Any CPU.ActiveCfg = Release|Any CPU
		{BA5113A3-EA25-4BA3-96E1-7FB10D9201F0}.Release|Any CPU.Build.0 = Release|Any CPU
		{BA5113A3-EA25-4BA3-96E1-7FB10D9201F0}.Release|Mixed Platforms.ActiveCfg = Release|Any CPU
		{BA5113A3-EA25-4BA3-96E1-7FB10D9201F0}.Release|Mixed Platforms.Build.0 = Release|Any CPU
		{BA5113A3-EA25-4BA3-96E1-7FB10D9201F0}.Release|Win32.ActiveCfg = Release|Any CPU
		{2A6D4560-0844-44DB-855A-2915F5E25404}.Debug|Any CPU.ActiveCfg = Debug|Any CPU
		{2A6D4560-0844-44DB-855A-2915F5E25404}.Debug|Any CPU.Build.0 = Debug|Any CPU
		{2A6D4560-0844-44DB-855A-2915F5E25404}.Debug|Mixed Platforms.ActiveCfg = Debug|Any CPU
		{2A6D4560-0844-44DB-855A-2915F5E25404}.Debug|Mixed Platforms.Build.0 = Debug|Any CPU
		{2A6D4560-0844-44DB-855A-2915F5E25404}.Debug|Win32.ActiveCfg = Debug|Any CPU
		{2A6D4560-0844-44DB-855A-2915F5E25404}.Release|Any CPU.ActiveCfg = Release|Any CPU
		{2A6D4560-0844-44DB-855A-2915F5E25404}.Release|Any CPU.Build.0 = Release|Any CPU
		{2A6D4560-0844-44DB-855A-2915F5E25404}.Release|Mixed Platforms.ActiveCfg = Release|Any CPU
		{2A6D4560-0844-44DB-855A-2915F5E25404}.Release|Mixed Platforms.Build.0 = Release|Any CPU
		{2A6D4560-0844-44DB-855A-2915F5E25404}.Release|Win32.ActiveCfg = Release|Any CPU
		{440C7BEA-0EED-4474-A221-B0FA4C2F09DD}.Debug|Any CPU.ActiveCfg = Debug|Any CPU
		{440C7BEA-0EED-4474-A221-B0FA4C2F09DD}.Debug|Any CPU.Build.0 = Debug|Any CPU
		{440C7BEA-0EED-4474-A221-B0FA4C2F09DD}.Debug|Mixed Platforms.ActiveCfg = Debug|Any CPU
		{440C7BEA-0EED-4474-A221-B0FA4C2F09DD}.Debug|Mixed Platforms.Build.0 = Debug|Any CPU
		{440C7BEA-0EED-4474-A221-B0FA4C2F09DD}.Debug|Win32.ActiveCfg = Debug|Any CPU
		{440C7BEA-0EED-4474-A221-B0FA4C2F09DD}.Release|Any CPU.ActiveCfg = Release|Any CPU
		{440C7BEA-0EED-4474-A221-B0FA4C2F09DD}.Release|Any CPU.Build.0 = Release|Any CPU
		{440C7BEA-0EED-4474-A221-B0FA4C2F09DD}.Release|Mixed Platforms.ActiveCfg = Release|Any CPU
		{440C7BEA-0EED-4474-A221-B0FA4C2F09DD}.Release|Mixed Platforms.Build.0 = Release|Any CPU
		{440C7BEA-0EED-4474-A221-B0FA4C2F09DD}.Release|Win32.ActiveCfg = Release|Any CPU
	EndGlobalSection
	GlobalSection(SolutionProperties) = preSolution
		HideSolutionNode = FALSE
	EndGlobalSection
	GlobalSection(NestedProjects) = preSolution
		{2E878E72-0953-48FA-A435-CFBB32B27ECD} = {0E9E520B-52B3-4BB9-9AFA-F27E381558DB}
		{BA5113A3-EA25-4BA3-96E1-7FB10D9201F0} = {0E9E520B-52B3-4BB9-9AFA-F27E381558DB}
		{207E91B1-C9F8-4913-88E1-3549EF5F3273} = {0E9E520B-52B3-4BB9-9AFA-F27E381558DB}
	EndGlobalSection
EndGlobal
