
Microsoft Visual Studio Solution File, Format Version 12.00
# Visual Studio 2013
VisualStudioVersion = 12.0.30501.0
MinimumVisualStudioVersion = 10.0.40219.1
Project("{FAE04EC0-301F-11D3-BF4B-00C04F79EFBC}") = "DecimalInternetClock", "DecimalInternetClock\DecimalInternetClock.csproj", "{239BD0B2-A007-4538-85E4-6A98134965A0}"
	ProjectSection(ProjectDependencies) = postProject
		{827F8C33-8118-48C7-AB3C-4864298396AD} = {827F8C33-8118-48C7-AB3C-4864298396AD}
		{10EE238C-4536-4866-A76A-5129E8CA3910} = {10EE238C-4536-4866-A76A-5129E8CA3910}
	EndProjectSection
EndProject
Project("{FAE04EC0-301F-11D3-BF4B-00C04F79EFBC}") = "ColorPicker", "ColorPicker\ColorPicker.csproj", "{827F8C33-8118-48C7-AB3C-4864298396AD}"
EndProject
Project("{FAE04EC0-301F-11D3-BF4B-00C04F79EFBC}") = "FileIndexer", "FileIndexer\FileIndexer.csproj", "{2E878E72-0953-48FA-A435-CFBB32B27ECD}"
EndProject
Project("{FAE04EC0-301F-11D3-BF4B-00C04F79EFBC}") = "FontDialogSample", "FontDialogSample\FontDialogSample.csproj", "{BA5113A3-EA25-4BA3-96E1-7FB10D9201F0}"
EndProject
Project("{FAE04EC0-301F-11D3-BF4B-00C04F79EFBC}") = "LinkRichTextWindow", "LinkRichTextWindow\LinkRichTextWindow.csproj", "{2A6D4560-0844-44DB-855A-2915F5E25404}"
EndProject
Project("{FAE04EC0-301F-11D3-BF4B-00C04F79EFBC}") = "DragDrop", "DragDrop\DragDrop.csproj", "{440C7BEA-0EED-4474-A221-B0FA4C2F09DD}"
EndProject
Project("{FAE04EC0-301F-11D3-BF4B-00C04F79EFBC}") = "Clocks", "Clocks\Clocks.csproj", "{10EE238C-4536-4866-A76A-5129E8CA3910}"
	ProjectSection(ProjectDependencies) = postProject
		{0E1F53A2-1117-46B3-A323-698493000F6D} = {0E1F53A2-1117-46B3-A323-698493000F6D}
	EndProjectSection
EndProject
Project("{FAE04EC0-301F-11D3-BF4B-00C04F79EFBC}") = "Helpers", "Helpers\Helpers.csproj", "{0E1F53A2-1117-46B3-A323-698493000F6D}"
EndProject
Project("{FAE04EC0-301F-11D3-BF4B-00C04F79EFBC}") = "ClockPortable", "ClockPortable\ClockPortable.csproj", "{C70658F2-F872-4781-AF0F-E0018472521A}"
EndProject
Project("{FAE04EC0-301F-11D3-BF4B-00C04F79EFBC}") = "HelpersPortable", "HelpersPortable\HelpersPortable.csproj", "{3065C8A1-5731-4746-9920-BC5CC63AA29B}"
EndProject
Project("{FAE04EC0-301F-11D3-BF4B-00C04F79EFBC}") = "PhoneView", "PhoneView\PhoneView.csproj", "{0971E4B3-4CB9-4FDF-A19E-03FDAF927BD7}"
EndProject
Project("{2150E333-8FDC-42A3-9474-1A3956D46DE8}") = ".nuget", ".nuget", "{D29D6BB3-DAC8-4D1E-9794-522671D82E9D}"
	ProjectSection(SolutionItems) = preProject
		.nuget\NuGet.Config = .nuget\NuGet.Config
		.nuget\NuGet.exe = .nuget\NuGet.exe
		.nuget\NuGet.targets = .nuget\NuGet.targets
	EndProjectSection
EndProject
Global
	GlobalSection(SolutionConfigurationPlatforms) = preSolution
		Debug|Any CPU = Debug|Any CPU
		Debug|ARM = Debug|ARM
		Debug|Mixed Platforms = Debug|Mixed Platforms
		Debug|Win32 = Debug|Win32
		Debug|x86 = Debug|x86
		Release|Any CPU = Release|Any CPU
		Release|ARM = Release|ARM
		Release|Mixed Platforms = Release|Mixed Platforms
		Release|Win32 = Release|Win32
		Release|x86 = Release|x86
	EndGlobalSection
	GlobalSection(ProjectConfigurationPlatforms) = postSolution
		{239BD0B2-A007-4538-85E4-6A98134965A0}.Debug|Any CPU.ActiveCfg = Debug|Any CPU
		{239BD0B2-A007-4538-85E4-6A98134965A0}.Debug|Any CPU.Build.0 = Debug|Any CPU
		{239BD0B2-A007-4538-85E4-6A98134965A0}.Debug|ARM.ActiveCfg = Debug|Any CPU
		{239BD0B2-A007-4538-85E4-6A98134965A0}.Debug|Mixed Platforms.ActiveCfg = Debug|Any CPU
		{239BD0B2-A007-4538-85E4-6A98134965A0}.Debug|Mixed Platforms.Build.0 = Debug|Any CPU
		{239BD0B2-A007-4538-85E4-6A98134965A0}.Debug|Win32.ActiveCfg = Debug|Any CPU
		{239BD0B2-A007-4538-85E4-6A98134965A0}.Debug|x86.ActiveCfg = Debug|Any CPU
		{239BD0B2-A007-4538-85E4-6A98134965A0}.Release|Any CPU.ActiveCfg = Release|Any CPU
		{239BD0B2-A007-4538-85E4-6A98134965A0}.Release|Any CPU.Build.0 = Release|Any CPU
		{239BD0B2-A007-4538-85E4-6A98134965A0}.Release|ARM.ActiveCfg = Release|Any CPU
		{239BD0B2-A007-4538-85E4-6A98134965A0}.Release|Mixed Platforms.ActiveCfg = Release|Any CPU
		{239BD0B2-A007-4538-85E4-6A98134965A0}.Release|Mixed Platforms.Build.0 = Release|Any CPU
		{239BD0B2-A007-4538-85E4-6A98134965A0}.Release|Win32.ActiveCfg = Release|Any CPU
		{239BD0B2-A007-4538-85E4-6A98134965A0}.Release|x86.ActiveCfg = Release|Any CPU
		{827F8C33-8118-48C7-AB3C-4864298396AD}.Debug|Any CPU.ActiveCfg = Debug|Any CPU
		{827F8C33-8118-48C7-AB3C-4864298396AD}.Debug|Any CPU.Build.0 = Debug|Any CPU
		{827F8C33-8118-48C7-AB3C-4864298396AD}.Debug|ARM.ActiveCfg = Debug|Any CPU
		{827F8C33-8118-48C7-AB3C-4864298396AD}.Debug|Mixed Platforms.ActiveCfg = Debug|Any CPU
		{827F8C33-8118-48C7-AB3C-4864298396AD}.Debug|Mixed Platforms.Build.0 = Debug|Any CPU
		{827F8C33-8118-48C7-AB3C-4864298396AD}.Debug|Win32.ActiveCfg = Debug|Any CPU
		{827F8C33-8118-48C7-AB3C-4864298396AD}.Debug|x86.ActiveCfg = Debug|Any CPU
		{827F8C33-8118-48C7-AB3C-4864298396AD}.Release|Any CPU.ActiveCfg = Release|Any CPU
		{827F8C33-8118-48C7-AB3C-4864298396AD}.Release|Any CPU.Build.0 = Release|Any CPU
		{827F8C33-8118-48C7-AB3C-4864298396AD}.Release|ARM.ActiveCfg = Release|Any CPU
		{827F8C33-8118-48C7-AB3C-4864298396AD}.Release|Mixed Platforms.ActiveCfg = Release|Any CPU
		{827F8C33-8118-48C7-AB3C-4864298396AD}.Release|Mixed Platforms.Build.0 = Release|Any CPU
		{827F8C33-8118-48C7-AB3C-4864298396AD}.Release|Win32.ActiveCfg = Release|Any CPU
		{827F8C33-8118-48C7-AB3C-4864298396AD}.Release|x86.ActiveCfg = Release|Any CPU
		{2E878E72-0953-48FA-A435-CFBB32B27ECD}.Debug|Any CPU.ActiveCfg = Debug|Any CPU
		{2E878E72-0953-48FA-A435-CFBB32B27ECD}.Debug|Any CPU.Build.0 = Debug|Any CPU
		{2E878E72-0953-48FA-A435-CFBB32B27ECD}.Debug|ARM.ActiveCfg = Debug|Any CPU
		{2E878E72-0953-48FA-A435-CFBB32B27ECD}.Debug|Mixed Platforms.ActiveCfg = Debug|Any CPU
		{2E878E72-0953-48FA-A435-CFBB32B27ECD}.Debug|Mixed Platforms.Build.0 = Debug|Any CPU
		{2E878E72-0953-48FA-A435-CFBB32B27ECD}.Debug|Win32.ActiveCfg = Debug|Any CPU
		{2E878E72-0953-48FA-A435-CFBB32B27ECD}.Debug|x86.ActiveCfg = Debug|Any CPU
		{2E878E72-0953-48FA-A435-CFBB32B27ECD}.Release|Any CPU.ActiveCfg = Release|Any CPU
		{2E878E72-0953-48FA-A435-CFBB32B27ECD}.Release|Any CPU.Build.0 = Release|Any CPU
		{2E878E72-0953-48FA-A435-CFBB32B27ECD}.Release|ARM.ActiveCfg = Release|Any CPU
		{2E878E72-0953-48FA-A435-CFBB32B27ECD}.Release|Mixed Platforms.ActiveCfg = Release|Any CPU
		{2E878E72-0953-48FA-A435-CFBB32B27ECD}.Release|Mixed Platforms.Build.0 = Release|Any CPU
		{2E878E72-0953-48FA-A435-CFBB32B27ECD}.Release|Win32.ActiveCfg = Release|Any CPU
		{2E878E72-0953-48FA-A435-CFBB32B27ECD}.Release|x86.ActiveCfg = Release|Any CPU
		{BA5113A3-EA25-4BA3-96E1-7FB10D9201F0}.Debug|Any CPU.ActiveCfg = Debug|Any CPU
		{BA5113A3-EA25-4BA3-96E1-7FB10D9201F0}.Debug|Any CPU.Build.0 = Debug|Any CPU
		{BA5113A3-EA25-4BA3-96E1-7FB10D9201F0}.Debug|ARM.ActiveCfg = Debug|Any CPU
		{BA5113A3-EA25-4BA3-96E1-7FB10D9201F0}.Debug|Mixed Platforms.ActiveCfg = Debug|Any CPU
		{BA5113A3-EA25-4BA3-96E1-7FB10D9201F0}.Debug|Mixed Platforms.Build.0 = Debug|Any CPU
		{BA5113A3-EA25-4BA3-96E1-7FB10D9201F0}.Debug|Win32.ActiveCfg = Debug|Any CPU
		{BA5113A3-EA25-4BA3-96E1-7FB10D9201F0}.Debug|x86.ActiveCfg = Debug|Any CPU
		{BA5113A3-EA25-4BA3-96E1-7FB10D9201F0}.Release|Any CPU.ActiveCfg = Release|Any CPU
		{BA5113A3-EA25-4BA3-96E1-7FB10D9201F0}.Release|Any CPU.Build.0 = Release|Any CPU
		{BA5113A3-EA25-4BA3-96E1-7FB10D9201F0}.Release|ARM.ActiveCfg = Release|Any CPU
		{BA5113A3-EA25-4BA3-96E1-7FB10D9201F0}.Release|Mixed Platforms.ActiveCfg = Release|Any CPU
		{BA5113A3-EA25-4BA3-96E1-7FB10D9201F0}.Release|Mixed Platforms.Build.0 = Release|Any CPU
		{BA5113A3-EA25-4BA3-96E1-7FB10D9201F0}.Release|Win32.ActiveCfg = Release|Any CPU
		{BA5113A3-EA25-4BA3-96E1-7FB10D9201F0}.Release|x86.ActiveCfg = Release|Any CPU
		{2A6D4560-0844-44DB-855A-2915F5E25404}.Debug|Any CPU.ActiveCfg = Debug|Any CPU
		{2A6D4560-0844-44DB-855A-2915F5E25404}.Debug|Any CPU.Build.0 = Debug|Any CPU
		{2A6D4560-0844-44DB-855A-2915F5E25404}.Debug|ARM.ActiveCfg = Debug|Any CPU
		{2A6D4560-0844-44DB-855A-2915F5E25404}.Debug|Mixed Platforms.ActiveCfg = Debug|Any CPU
		{2A6D4560-0844-44DB-855A-2915F5E25404}.Debug|Mixed Platforms.Build.0 = Debug|Any CPU
		{2A6D4560-0844-44DB-855A-2915F5E25404}.Debug|Win32.ActiveCfg = Debug|Any CPU
		{2A6D4560-0844-44DB-855A-2915F5E25404}.Debug|x86.ActiveCfg = Debug|Any CPU
		{2A6D4560-0844-44DB-855A-2915F5E25404}.Release|Any CPU.ActiveCfg = Release|Any CPU
		{2A6D4560-0844-44DB-855A-2915F5E25404}.Release|Any CPU.Build.0 = Release|Any CPU
		{2A6D4560-0844-44DB-855A-2915F5E25404}.Release|ARM.ActiveCfg = Release|Any CPU
		{2A6D4560-0844-44DB-855A-2915F5E25404}.Release|Mixed Platforms.ActiveCfg = Release|Any CPU
		{2A6D4560-0844-44DB-855A-2915F5E25404}.Release|Mixed Platforms.Build.0 = Release|Any CPU
		{2A6D4560-0844-44DB-855A-2915F5E25404}.Release|Win32.ActiveCfg = Release|Any CPU
		{2A6D4560-0844-44DB-855A-2915F5E25404}.Release|x86.ActiveCfg = Release|Any CPU
		{440C7BEA-0EED-4474-A221-B0FA4C2F09DD}.Debug|Any CPU.ActiveCfg = Debug|Any CPU
		{440C7BEA-0EED-4474-A221-B0FA4C2F09DD}.Debug|Any CPU.Build.0 = Debug|Any CPU
		{440C7BEA-0EED-4474-A221-B0FA4C2F09DD}.Debug|ARM.ActiveCfg = Debug|Any CPU
		{440C7BEA-0EED-4474-A221-B0FA4C2F09DD}.Debug|Mixed Platforms.ActiveCfg = Debug|Any CPU
		{440C7BEA-0EED-4474-A221-B0FA4C2F09DD}.Debug|Mixed Platforms.Build.0 = Debug|Any CPU
		{440C7BEA-0EED-4474-A221-B0FA4C2F09DD}.Debug|Win32.ActiveCfg = Debug|Any CPU
		{440C7BEA-0EED-4474-A221-B0FA4C2F09DD}.Debug|x86.ActiveCfg = Debug|Any CPU
		{440C7BEA-0EED-4474-A221-B0FA4C2F09DD}.Release|Any CPU.ActiveCfg = Release|Any CPU
		{440C7BEA-0EED-4474-A221-B0FA4C2F09DD}.Release|Any CPU.Build.0 = Release|Any CPU
		{440C7BEA-0EED-4474-A221-B0FA4C2F09DD}.Release|ARM.ActiveCfg = Release|Any CPU
		{440C7BEA-0EED-4474-A221-B0FA4C2F09DD}.Release|Mixed Platforms.ActiveCfg = Release|Any CPU
		{440C7BEA-0EED-4474-A221-B0FA4C2F09DD}.Release|Mixed Platforms.Build.0 = Release|Any CPU
		{440C7BEA-0EED-4474-A221-B0FA4C2F09DD}.Release|Win32.ActiveCfg = Release|Any CPU
		{440C7BEA-0EED-4474-A221-B0FA4C2F09DD}.Release|x86.ActiveCfg = Release|Any CPU
		{10EE238C-4536-4866-A76A-5129E8CA3910}.Debug|Any CPU.ActiveCfg = Debug|Any CPU
		{10EE238C-4536-4866-A76A-5129E8CA3910}.Debug|Any CPU.Build.0 = Debug|Any CPU
		{10EE238C-4536-4866-A76A-5129E8CA3910}.Debug|ARM.ActiveCfg = Debug|Any CPU
		{10EE238C-4536-4866-A76A-5129E8CA3910}.Debug|Mixed Platforms.ActiveCfg = Debug|Any CPU
		{10EE238C-4536-4866-A76A-5129E8CA3910}.Debug|Mixed Platforms.Build.0 = Debug|Any CPU
		{10EE238C-4536-4866-A76A-5129E8CA3910}.Debug|Win32.ActiveCfg = Debug|Any CPU
		{10EE238C-4536-4866-A76A-5129E8CA3910}.Debug|x86.ActiveCfg = Debug|Any CPU
		{10EE238C-4536-4866-A76A-5129E8CA3910}.Release|Any CPU.ActiveCfg = Release|Any CPU
		{10EE238C-4536-4866-A76A-5129E8CA3910}.Release|Any CPU.Build.0 = Release|Any CPU
		{10EE238C-4536-4866-A76A-5129E8CA3910}.Release|ARM.ActiveCfg = Release|Any CPU
		{10EE238C-4536-4866-A76A-5129E8CA3910}.Release|Mixed Platforms.ActiveCfg = Release|Any CPU
		{10EE238C-4536-4866-A76A-5129E8CA3910}.Release|Mixed Platforms.Build.0 = Release|Any CPU
		{10EE238C-4536-4866-A76A-5129E8CA3910}.Release|Win32.ActiveCfg = Release|Any CPU
		{10EE238C-4536-4866-A76A-5129E8CA3910}.Release|x86.ActiveCfg = Release|Any CPU
		{0E1F53A2-1117-46B3-A323-698493000F6D}.Debug|Any CPU.ActiveCfg = Debug|Any CPU
		{0E1F53A2-1117-46B3-A323-698493000F6D}.Debug|Any CPU.Build.0 = Debug|Any CPU
		{0E1F53A2-1117-46B3-A323-698493000F6D}.Debug|ARM.ActiveCfg = Debug|Any CPU
		{0E1F53A2-1117-46B3-A323-698493000F6D}.Debug|Mixed Platforms.ActiveCfg = Debug|Any CPU
		{0E1F53A2-1117-46B3-A323-698493000F6D}.Debug|Mixed Platforms.Build.0 = Debug|Any CPU
		{0E1F53A2-1117-46B3-A323-698493000F6D}.Debug|Win32.ActiveCfg = Debug|Any CPU
		{0E1F53A2-1117-46B3-A323-698493000F6D}.Debug|x86.ActiveCfg = Debug|Any CPU
		{0E1F53A2-1117-46B3-A323-698493000F6D}.Release|Any CPU.ActiveCfg = Release|Any CPU
		{0E1F53A2-1117-46B3-A323-698493000F6D}.Release|Any CPU.Build.0 = Release|Any CPU
		{0E1F53A2-1117-46B3-A323-698493000F6D}.Release|ARM.ActiveCfg = Release|Any CPU
		{0E1F53A2-1117-46B3-A323-698493000F6D}.Release|Mixed Platforms.ActiveCfg = Release|Any CPU
		{0E1F53A2-1117-46B3-A323-698493000F6D}.Release|Mixed Platforms.Build.0 = Release|Any CPU
		{0E1F53A2-1117-46B3-A323-698493000F6D}.Release|Win32.ActiveCfg = Release|Any CPU
		{0E1F53A2-1117-46B3-A323-698493000F6D}.Release|x86.ActiveCfg = Release|Any CPU
		{C70658F2-F872-4781-AF0F-E0018472521A}.Debug|Any CPU.ActiveCfg = Debug|Any CPU
		{C70658F2-F872-4781-AF0F-E0018472521A}.Debug|Any CPU.Build.0 = Debug|Any CPU
		{C70658F2-F872-4781-AF0F-E0018472521A}.Debug|ARM.ActiveCfg = Debug|Any CPU
		{C70658F2-F872-4781-AF0F-E0018472521A}.Debug|Mixed Platforms.ActiveCfg = Debug|Any CPU
		{C70658F2-F872-4781-AF0F-E0018472521A}.Debug|Mixed Platforms.Build.0 = Debug|Any CPU
		{C70658F2-F872-4781-AF0F-E0018472521A}.Debug|Win32.ActiveCfg = Debug|Any CPU
		{C70658F2-F872-4781-AF0F-E0018472521A}.Debug|x86.ActiveCfg = Debug|Any CPU
		{C70658F2-F872-4781-AF0F-E0018472521A}.Release|Any CPU.ActiveCfg = Release|Any CPU
		{C70658F2-F872-4781-AF0F-E0018472521A}.Release|Any CPU.Build.0 = Release|Any CPU
		{C70658F2-F872-4781-AF0F-E0018472521A}.Release|ARM.ActiveCfg = Release|Any CPU
		{C70658F2-F872-4781-AF0F-E0018472521A}.Release|Mixed Platforms.ActiveCfg = Release|Any CPU
		{C70658F2-F872-4781-AF0F-E0018472521A}.Release|Mixed Platforms.Build.0 = Release|Any CPU
		{C70658F2-F872-4781-AF0F-E0018472521A}.Release|Win32.ActiveCfg = Release|Any CPU
		{C70658F2-F872-4781-AF0F-E0018472521A}.Release|x86.ActiveCfg = Release|Any CPU
		{3065C8A1-5731-4746-9920-BC5CC63AA29B}.Debug|Any CPU.ActiveCfg = Debug|Any CPU
		{3065C8A1-5731-4746-9920-BC5CC63AA29B}.Debug|Any CPU.Build.0 = Debug|Any CPU
		{3065C8A1-5731-4746-9920-BC5CC63AA29B}.Debug|ARM.ActiveCfg = Debug|Any CPU
		{3065C8A1-5731-4746-9920-BC5CC63AA29B}.Debug|Mixed Platforms.ActiveCfg = Debug|Any CPU
		{3065C8A1-5731-4746-9920-BC5CC63AA29B}.Debug|Mixed Platforms.Build.0 = Debug|Any CPU
		{3065C8A1-5731-4746-9920-BC5CC63AA29B}.Debug|Win32.ActiveCfg = Debug|Any CPU
		{3065C8A1-5731-4746-9920-BC5CC63AA29B}.Debug|x86.ActiveCfg = Debug|Any CPU
		{3065C8A1-5731-4746-9920-BC5CC63AA29B}.Release|Any CPU.ActiveCfg = Release|Any CPU
		{3065C8A1-5731-4746-9920-BC5CC63AA29B}.Release|Any CPU.Build.0 = Release|Any CPU
		{3065C8A1-5731-4746-9920-BC5CC63AA29B}.Release|ARM.ActiveCfg = Release|Any CPU
		{3065C8A1-5731-4746-9920-BC5CC63AA29B}.Release|Mixed Platforms.ActiveCfg = Release|Any CPU
		{3065C8A1-5731-4746-9920-BC5CC63AA29B}.Release|Mixed Platforms.Build.0 = Release|Any CPU
		{3065C8A1-5731-4746-9920-BC5CC63AA29B}.Release|Win32.ActiveCfg = Release|Any CPU
		{3065C8A1-5731-4746-9920-BC5CC63AA29B}.Release|x86.ActiveCfg = Release|Any CPU
		{0971E4B3-4CB9-4FDF-A19E-03FDAF927BD7}.Debug|Any CPU.ActiveCfg = Debug|Any CPU
		{0971E4B3-4CB9-4FDF-A19E-03FDAF927BD7}.Debug|Any CPU.Build.0 = Debug|Any CPU
		{0971E4B3-4CB9-4FDF-A19E-03FDAF927BD7}.Debug|Any CPU.Deploy.0 = Debug|Any CPU
		{0971E4B3-4CB9-4FDF-A19E-03FDAF927BD7}.Debug|ARM.ActiveCfg = Debug|ARM
		{0971E4B3-4CB9-4FDF-A19E-03FDAF927BD7}.Debug|ARM.Build.0 = Debug|ARM
		{0971E4B3-4CB9-4FDF-A19E-03FDAF927BD7}.Debug|ARM.Deploy.0 = Debug|ARM
		{0971E4B3-4CB9-4FDF-A19E-03FDAF927BD7}.Debug|Mixed Platforms.ActiveCfg = Debug|x86
		{0971E4B3-4CB9-4FDF-A19E-03FDAF927BD7}.Debug|Mixed Platforms.Build.0 = Debug|x86
		{0971E4B3-4CB9-4FDF-A19E-03FDAF927BD7}.Debug|Mixed Platforms.Deploy.0 = Debug|x86
		{0971E4B3-4CB9-4FDF-A19E-03FDAF927BD7}.Debug|Win32.ActiveCfg = Debug|x86
		{0971E4B3-4CB9-4FDF-A19E-03FDAF927BD7}.Debug|Win32.Build.0 = Debug|x86
		{0971E4B3-4CB9-4FDF-A19E-03FDAF927BD7}.Debug|Win32.Deploy.0 = Debug|x86
		{0971E4B3-4CB9-4FDF-A19E-03FDAF927BD7}.Debug|x86.ActiveCfg = Debug|x86
		{0971E4B3-4CB9-4FDF-A19E-03FDAF927BD7}.Debug|x86.Build.0 = Debug|x86
		{0971E4B3-4CB9-4FDF-A19E-03FDAF927BD7}.Debug|x86.Deploy.0 = Debug|x86
		{0971E4B3-4CB9-4FDF-A19E-03FDAF927BD7}.Release|Any CPU.ActiveCfg = Release|Any CPU
		{0971E4B3-4CB9-4FDF-A19E-03FDAF927BD7}.Release|Any CPU.Build.0 = Release|Any CPU
		{0971E4B3-4CB9-4FDF-A19E-03FDAF927BD7}.Release|Any CPU.Deploy.0 = Release|Any CPU
		{0971E4B3-4CB9-4FDF-A19E-03FDAF927BD7}.Release|ARM.ActiveCfg = Release|ARM
		{0971E4B3-4CB9-4FDF-A19E-03FDAF927BD7}.Release|ARM.Build.0 = Release|ARM
		{0971E4B3-4CB9-4FDF-A19E-03FDAF927BD7}.Release|ARM.Deploy.0 = Release|ARM
		{0971E4B3-4CB9-4FDF-A19E-03FDAF927BD7}.Release|Mixed Platforms.ActiveCfg = Release|x86
		{0971E4B3-4CB9-4FDF-A19E-03FDAF927BD7}.Release|Mixed Platforms.Build.0 = Release|x86
		{0971E4B3-4CB9-4FDF-A19E-03FDAF927BD7}.Release|Mixed Platforms.Deploy.0 = Release|x86
		{0971E4B3-4CB9-4FDF-A19E-03FDAF927BD7}.Release|Win32.ActiveCfg = Release|x86
		{0971E4B3-4CB9-4FDF-A19E-03FDAF927BD7}.Release|Win32.Build.0 = Release|x86
		{0971E4B3-4CB9-4FDF-A19E-03FDAF927BD7}.Release|Win32.Deploy.0 = Release|x86
		{0971E4B3-4CB9-4FDF-A19E-03FDAF927BD7}.Release|x86.ActiveCfg = Release|x86
		{0971E4B3-4CB9-4FDF-A19E-03FDAF927BD7}.Release|x86.Build.0 = Release|x86
		{0971E4B3-4CB9-4FDF-A19E-03FDAF927BD7}.Release|x86.Deploy.0 = Release|x86
	EndGlobalSection
	GlobalSection(SolutionProperties) = preSolution
		HideSolutionNode = FALSE
	EndGlobalSection
EndGlobal
