
Microsoft Visual Studio Solution File, Format Version 10.00
# Visual Studio 2008
Project("{FAE04EC0-301F-11D3-BF4B-00C04F79EFBC}") = "WindowsFormsApplication7", "WindowsFormsApplication7\WindowsFormsApplication7.csproj", "{B4A8FC5B-2D27-43D1-BB7C-24F3CDFC57F6}"
EndProject
Global
	GlobalSection(SolutionConfigurationPlatforms) = preSolution
		Debug|Any CPU = Debug|Any CPU
		Release|Any CPU = Release|Any CPU
	EndGlobalSection
	GlobalSection(ProjectConfigurationPlatforms) = postSolution
		{B4A8FC5B-2D27-43D1-BB7C-24F3CDFC57F6}.Debug|Any CPU.ActiveCfg = Debug|Any CPU
		{B4A8FC5B-2D27-43D1-BB7C-24F3CDFC57F6}.Debug|Any CPU.Build.0 = Debug|Any CPU
		{B4A8FC5B-2D27-43D1-BB7C-24F3CDFC57F6}.Release|Any CPU.ActiveCfg = Release|Any CPU
		{B4A8FC5B-2D27-43D1-BB7C-24F3CDFC57F6}.Release|Any CPU.Build.0 = Release|Any CPU
	EndGlobalSection
	GlobalSection(SolutionProperties) = preSolution
		HideSolutionNode = FALSE
	EndGlobalSection
EndGlobal
