
Microsoft Visual Studio Solution File, Format Version 10.00
# Visual Studio 2008
Project("{FAE04EC0-301F-11D3-BF4B-00C04F79EFBC}") = "WindowsFormsApplication1", "WindowsFormsApplication1\WindowsFormsApplication1.csproj", "{65230D2B-C5AD-4B96-A4F6-A374EDBA0DDE}"
EndProject
Global
	GlobalSection(SolutionConfigurationPlatforms) = preSolution
		Debug|Any CPU = Debug|Any CPU
		Release|Any CPU = Release|Any CPU
	EndGlobalSection
	GlobalSection(ProjectConfigurationPlatforms) = postSolution
		{65230D2B-C5AD-4B96-A4F6-A374EDBA0DDE}.Debug|Any CPU.ActiveCfg = Debug|Any CPU
		{65230D2B-C5AD-4B96-A4F6-A374EDBA0DDE}.Debug|Any CPU.Build.0 = Debug|Any CPU
		{65230D2B-C5AD-4B96-A4F6-A374EDBA0DDE}.Release|Any CPU.ActiveCfg = Release|Any CPU
		{65230D2B-C5AD-4B96-A4F6-A374EDBA0DDE}.Release|Any CPU.Build.0 = Release|Any CPU
	EndGlobalSection
	GlobalSection(SolutionProperties) = preSolution
		HideSolutionNode = FALSE
	EndGlobalSection
EndGlobal
