
Microsoft Visual Studio Solution File, Format Version 10.00
# Visual Studio 2008
Project("{FAE04EC0-301F-11D3-BF4B-00C04F79EFBC}") = "ControlDissector", "ControlDissector\ControlDissector.csproj", "{1B39DB0E-E27C-40AA-8BED-42E2ADFA3F70}"
EndProject
Global
	GlobalSection(SolutionConfigurationPlatforms) = preSolution
		Debug|Any CPU = Debug|Any CPU
		Release|Any CPU = Release|Any CPU
	EndGlobalSection
	GlobalSection(ProjectConfigurationPlatforms) = postSolution
		{1B39DB0E-E27C-40AA-8BED-42E2ADFA3F70}.Debug|Any CPU.ActiveCfg = Debug|Any CPU
		{1B39DB0E-E27C-40AA-8BED-42E2ADFA3F70}.Debug|Any CPU.Build.0 = Debug|Any CPU
		{1B39DB0E-E27C-40AA-8BED-42E2ADFA3F70}.Release|Any CPU.ActiveCfg = Release|Any CPU
		{1B39DB0E-E27C-40AA-8BED-42E2ADFA3F70}.Release|Any CPU.Build.0 = Release|Any CPU
	EndGlobalSection
	GlobalSection(SolutionProperties) = preSolution
		HideSolutionNode = FALSE
	EndGlobalSection
EndGlobal
